{
    "requires": true,
    "lockfileVersion": 1,
    "dependencies": {
        "@aws-crypto/ie11-detection": {
            "version": "1.0.0",
            "resolved": "https://purecloud.jfrog.io/purecloud/api/npm/inin-internal-npm/@aws-crypto/ie11-detection/-/ie11-detection-1.0.0.tgz",
            "integrity": "sha1-06avKbp/FUWPecQdHNjKw5Jecmo=",
            "requires": {
                "tslib": "^1.11.1"
            },
            "dependencies": {
                "tslib": {
                    "version": "1.14.1",
                    "resolved": "https://purecloud.jfrog.io/purecloud/api/npm/inin-internal-npm/tslib/-/tslib-1.14.1.tgz",
                    "integrity": "sha1-zy04vcNKE0vK8QkcQfZhni9nLQA="
                }
            }
        },
        "@aws-crypto/sha256-browser": {
            "version": "1.1.0",
            "resolved": "https://purecloud.jfrog.io/purecloud/api/npm/inin-internal-npm/@aws-crypto/sha256-browser/-/sha256-browser-1.1.0.tgz",
            "integrity": "sha1-IAksxsCNjwTbDtV7bwXP8VA4T3c=",
            "requires": {
                "@aws-crypto/ie11-detection": "^1.0.0",
                "@aws-crypto/sha256-js": "^1.1.0",
                "@aws-crypto/supports-web-crypto": "^1.0.0",
                "@aws-sdk/types": "^3.1.0",
                "@aws-sdk/util-locate-window": "^3.0.0",
                "@aws-sdk/util-utf8-browser": "^3.0.0",
                "tslib": "^1.11.1"
            },
            "dependencies": {
                "tslib": {
                    "version": "1.14.1",
                    "resolved": "https://purecloud.jfrog.io/purecloud/api/npm/inin-internal-npm/tslib/-/tslib-1.14.1.tgz",
                    "integrity": "sha1-zy04vcNKE0vK8QkcQfZhni9nLQA="
                }
            }
        },
        "@aws-crypto/sha256-js": {
            "version": "1.1.0",
            "resolved": "https://purecloud.jfrog.io/purecloud/api/npm/inin-internal-npm/@aws-crypto/sha256-js/-/sha256-js-1.1.0.tgz",
            "integrity": "sha1-pYOGrRgYbjkuDx2Y0YgxJh0nsHE=",
            "requires": {
                "@aws-sdk/types": "^3.1.0",
                "@aws-sdk/util-utf8-browser": "^3.0.0",
                "tslib": "^1.11.1"
            },
            "dependencies": {
                "tslib": {
                    "version": "1.14.1",
                    "resolved": "https://purecloud.jfrog.io/purecloud/api/npm/inin-internal-npm/tslib/-/tslib-1.14.1.tgz",
                    "integrity": "sha1-zy04vcNKE0vK8QkcQfZhni9nLQA="
                }
            }
        },
        "@aws-crypto/supports-web-crypto": {
            "version": "1.0.0",
            "resolved": "https://purecloud.jfrog.io/purecloud/api/npm/inin-internal-npm/@aws-crypto/supports-web-crypto/-/supports-web-crypto-1.0.0.tgz",
            "integrity": "sha1-xAkBvBesHodeJI3xaitHrYv9mpM=",
            "requires": {
                "tslib": "^1.11.1"
            },
            "dependencies": {
                "tslib": {
                    "version": "1.14.1",
                    "resolved": "https://purecloud.jfrog.io/purecloud/api/npm/inin-internal-npm/tslib/-/tslib-1.14.1.tgz",
                    "integrity": "sha1-zy04vcNKE0vK8QkcQfZhni9nLQA="
                }
            }
        },
        "@aws-sdk/abort-controller": {
            "version": "3.3.0",
            "resolved": "https://purecloud.jfrog.io/purecloud/api/npm/inin-internal-npm/@aws-sdk/abort-controller/-/abort-controller-3.3.0.tgz",
            "integrity": "sha1-OmLxw6gchHcaSsU6vCDdJWJ2s5w=",
            "requires": {
                "@aws-sdk/types": "3.1.0",
                "tslib": "^1.8.0"
            },
            "dependencies": {
                "tslib": {
                    "version": "1.14.1",
                    "resolved": "https://purecloud.jfrog.io/purecloud/api/npm/inin-internal-npm/tslib/-/tslib-1.14.1.tgz",
                    "integrity": "sha1-zy04vcNKE0vK8QkcQfZhni9nLQA="
                }
            }
        },
        "@aws-sdk/client-lambda": {
            "version": "3.3.0",
            "resolved": "https://purecloud.jfrog.io/purecloud/api/npm/inin-internal-npm/@aws-sdk/client-lambda/-/client-lambda-3.3.0.tgz",
            "integrity": "sha1-WpgKDCLzWscSSUeqzicRDh25sRc=",
            "requires": {
                "@aws-crypto/sha256-browser": "^1.0.0",
                "@aws-crypto/sha256-js": "^1.0.0",
                "@aws-sdk/config-resolver": "3.3.0",
                "@aws-sdk/credential-provider-node": "3.3.0",
                "@aws-sdk/fetch-http-handler": "3.3.0",
                "@aws-sdk/hash-node": "3.3.0",
                "@aws-sdk/invalid-dependency": "3.3.0",
                "@aws-sdk/middleware-content-length": "3.3.0",
                "@aws-sdk/middleware-host-header": "3.3.0",
                "@aws-sdk/middleware-logger": "3.3.0",
                "@aws-sdk/middleware-retry": "3.3.0",
                "@aws-sdk/middleware-serde": "3.3.0",
                "@aws-sdk/middleware-signing": "3.3.0",
                "@aws-sdk/middleware-stack": "3.1.0",
                "@aws-sdk/middleware-user-agent": "3.3.0",
                "@aws-sdk/node-config-provider": "3.3.0",
                "@aws-sdk/node-http-handler": "3.3.0",
                "@aws-sdk/protocol-http": "3.3.0",
                "@aws-sdk/smithy-client": "3.3.0",
                "@aws-sdk/types": "3.1.0",
                "@aws-sdk/url-parser": "3.3.0",
                "@aws-sdk/url-parser-native": "3.3.0",
                "@aws-sdk/util-base64-browser": "3.1.0",
                "@aws-sdk/util-base64-node": "3.1.0",
                "@aws-sdk/util-body-length-browser": "3.1.0",
                "@aws-sdk/util-body-length-node": "3.1.0",
                "@aws-sdk/util-user-agent-browser": "3.3.0",
                "@aws-sdk/util-user-agent-node": "3.3.0",
                "@aws-sdk/util-utf8-browser": "3.1.0",
                "@aws-sdk/util-utf8-node": "3.1.0",
                "@aws-sdk/util-waiter": "3.3.0",
                "tslib": "^2.0.0"
            }
        },
        "@aws-sdk/config-resolver": {
            "version": "3.3.0",
            "resolved": "https://purecloud.jfrog.io/purecloud/api/npm/inin-internal-npm/@aws-sdk/config-resolver/-/config-resolver-3.3.0.tgz",
            "integrity": "sha1-o+ggxnm+PdB0fYTu6uRLYgeQ/aM=",
            "requires": {
                "@aws-sdk/signature-v4": "3.3.0",
                "@aws-sdk/types": "3.1.0",
                "tslib": "^1.8.0"
            },
            "dependencies": {
                "tslib": {
                    "version": "1.14.1",
                    "resolved": "https://purecloud.jfrog.io/purecloud/api/npm/inin-internal-npm/tslib/-/tslib-1.14.1.tgz",
                    "integrity": "sha1-zy04vcNKE0vK8QkcQfZhni9nLQA="
                }
            }
        },
        "@aws-sdk/credential-provider-env": {
            "version": "3.3.0",
            "resolved": "https://purecloud.jfrog.io/purecloud/api/npm/inin-internal-npm/@aws-sdk/credential-provider-env/-/credential-provider-env-3.3.0.tgz",
            "integrity": "sha1-eTDlBKenmrmKn9NL78XIS4xN9nk=",
            "requires": {
                "@aws-sdk/property-provider": "3.3.0",
                "@aws-sdk/types": "3.1.0",
                "tslib": "^1.8.0"
            },
            "dependencies": {
                "tslib": {
                    "version": "1.14.1",
                    "resolved": "https://purecloud.jfrog.io/purecloud/api/npm/inin-internal-npm/tslib/-/tslib-1.14.1.tgz",
                    "integrity": "sha1-zy04vcNKE0vK8QkcQfZhni9nLQA="
                }
            }
        },
        "@aws-sdk/credential-provider-imds": {
            "version": "3.3.0",
            "resolved": "https://purecloud.jfrog.io/purecloud/api/npm/inin-internal-npm/@aws-sdk/credential-provider-imds/-/credential-provider-imds-3.3.0.tgz",
            "integrity": "sha1-/wz1SJhTwW0j/JnXuuQlWH6DbEA=",
            "requires": {
                "@aws-sdk/property-provider": "3.3.0",
                "@aws-sdk/types": "3.1.0",
                "tslib": "^1.8.0"
            },
            "dependencies": {
                "tslib": {
                    "version": "1.14.1",
                    "resolved": "https://purecloud.jfrog.io/purecloud/api/npm/inin-internal-npm/tslib/-/tslib-1.14.1.tgz",
                    "integrity": "sha1-zy04vcNKE0vK8QkcQfZhni9nLQA="
                }
            }
        },
        "@aws-sdk/credential-provider-ini": {
            "version": "3.3.0",
            "resolved": "https://purecloud.jfrog.io/purecloud/api/npm/inin-internal-npm/@aws-sdk/credential-provider-ini/-/credential-provider-ini-3.3.0.tgz",
            "integrity": "sha1-Vf6PORty0w5lC6i8aA6Cu+rLv+U=",
            "requires": {
                "@aws-sdk/property-provider": "3.3.0",
                "@aws-sdk/shared-ini-file-loader": "3.1.0",
                "@aws-sdk/types": "3.1.0",
                "tslib": "^1.8.0"
            },
            "dependencies": {
                "tslib": {
                    "version": "1.14.1",
                    "resolved": "https://purecloud.jfrog.io/purecloud/api/npm/inin-internal-npm/tslib/-/tslib-1.14.1.tgz",
                    "integrity": "sha1-zy04vcNKE0vK8QkcQfZhni9nLQA="
                }
            }
        },
        "@aws-sdk/credential-provider-node": {
            "version": "3.3.0",
            "resolved": "https://purecloud.jfrog.io/purecloud/api/npm/inin-internal-npm/@aws-sdk/credential-provider-node/-/credential-provider-node-3.3.0.tgz",
            "integrity": "sha1-XJcyP6eyNZAHDQaqexvo2Tsr9L4=",
            "requires": {
                "@aws-sdk/credential-provider-env": "3.3.0",
                "@aws-sdk/credential-provider-imds": "3.3.0",
                "@aws-sdk/credential-provider-ini": "3.3.0",
                "@aws-sdk/credential-provider-process": "3.3.0",
                "@aws-sdk/property-provider": "3.3.0",
                "@aws-sdk/types": "3.1.0",
                "tslib": "^1.8.0"
            },
            "dependencies": {
                "tslib": {
                    "version": "1.14.1",
                    "resolved": "https://purecloud.jfrog.io/purecloud/api/npm/inin-internal-npm/tslib/-/tslib-1.14.1.tgz",
                    "integrity": "sha1-zy04vcNKE0vK8QkcQfZhni9nLQA="
                }
            }
        },
        "@aws-sdk/credential-provider-process": {
            "version": "3.3.0",
            "resolved": "https://purecloud.jfrog.io/purecloud/api/npm/inin-internal-npm/@aws-sdk/credential-provider-process/-/credential-provider-process-3.3.0.tgz",
            "integrity": "sha1-neCYS9bdD15Az/NnLX3RnozUMHQ=",
            "requires": {
                "@aws-sdk/credential-provider-ini": "3.3.0",
                "@aws-sdk/property-provider": "3.3.0",
                "@aws-sdk/shared-ini-file-loader": "3.1.0",
                "@aws-sdk/types": "3.1.0",
                "tslib": "^1.8.0"
            },
            "dependencies": {
                "tslib": {
                    "version": "1.14.1",
                    "resolved": "https://purecloud.jfrog.io/purecloud/api/npm/inin-internal-npm/tslib/-/tslib-1.14.1.tgz",
                    "integrity": "sha1-zy04vcNKE0vK8QkcQfZhni9nLQA="
                }
            }
        },
        "@aws-sdk/fetch-http-handler": {
            "version": "3.3.0",
            "resolved": "https://purecloud.jfrog.io/purecloud/api/npm/inin-internal-npm/@aws-sdk/fetch-http-handler/-/fetch-http-handler-3.3.0.tgz",
            "integrity": "sha1-mlp5RRiPkvcVTE2HwBaib8o/FqI=",
            "requires": {
                "@aws-sdk/protocol-http": "3.3.0",
                "@aws-sdk/querystring-builder": "3.3.0",
                "@aws-sdk/types": "3.1.0",
                "@aws-sdk/util-base64-browser": "3.1.0",
                "tslib": "^1.8.0"
            },
            "dependencies": {
                "tslib": {
                    "version": "1.14.1",
                    "resolved": "https://purecloud.jfrog.io/purecloud/api/npm/inin-internal-npm/tslib/-/tslib-1.14.1.tgz",
                    "integrity": "sha1-zy04vcNKE0vK8QkcQfZhni9nLQA="
                }
            }
        },
        "@aws-sdk/hash-node": {
            "version": "3.3.0",
            "resolved": "https://purecloud.jfrog.io/purecloud/api/npm/inin-internal-npm/@aws-sdk/hash-node/-/hash-node-3.3.0.tgz",
            "integrity": "sha1-4Zcg/Pn4bBc6XNOJ/Hhd72N6L4U=",
            "requires": {
                "@aws-sdk/types": "3.1.0",
                "@aws-sdk/util-buffer-from": "3.1.0",
                "tslib": "^1.8.0"
            },
            "dependencies": {
                "tslib": {
                    "version": "1.14.1",
                    "resolved": "https://purecloud.jfrog.io/purecloud/api/npm/inin-internal-npm/tslib/-/tslib-1.14.1.tgz",
                    "integrity": "sha1-zy04vcNKE0vK8QkcQfZhni9nLQA="
                }
            }
        },
        "@aws-sdk/invalid-dependency": {
            "version": "3.3.0",
            "resolved": "https://purecloud.jfrog.io/purecloud/api/npm/inin-internal-npm/@aws-sdk/invalid-dependency/-/invalid-dependency-3.3.0.tgz",
            "integrity": "sha1-TVCkfyYgudfY5IYD8OQv6Plln2I=",
            "requires": {
                "@aws-sdk/types": "3.1.0",
                "tslib": "^1.8.0"
            },
            "dependencies": {
                "tslib": {
                    "version": "1.14.1",
                    "resolved": "https://purecloud.jfrog.io/purecloud/api/npm/inin-internal-npm/tslib/-/tslib-1.14.1.tgz",
                    "integrity": "sha1-zy04vcNKE0vK8QkcQfZhni9nLQA="
                }
            }
        },
        "@aws-sdk/is-array-buffer": {
            "version": "3.1.0",
            "resolved": "https://purecloud.jfrog.io/purecloud/api/npm/inin-internal-npm/@aws-sdk/is-array-buffer/-/is-array-buffer-3.1.0.tgz",
            "integrity": "sha1-esKW1kCONAg6wAdjBUGhzfZzh/0=",
            "requires": {
                "tslib": "^1.8.0"
            },
            "dependencies": {
                "tslib": {
                    "version": "1.14.1",
                    "resolved": "https://purecloud.jfrog.io/purecloud/api/npm/inin-internal-npm/tslib/-/tslib-1.14.1.tgz",
                    "integrity": "sha1-zy04vcNKE0vK8QkcQfZhni9nLQA="
                }
            }
        },
        "@aws-sdk/middleware-content-length": {
            "version": "3.3.0",
            "resolved": "https://purecloud.jfrog.io/purecloud/api/npm/inin-internal-npm/@aws-sdk/middleware-content-length/-/middleware-content-length-3.3.0.tgz",
            "integrity": "sha1-mLtA/1Cjgj33B0MPljQPYahTKbM=",
            "requires": {
                "@aws-sdk/protocol-http": "3.3.0",
                "@aws-sdk/types": "3.1.0",
                "tslib": "^1.8.0"
            },
            "dependencies": {
                "tslib": {
                    "version": "1.14.1",
                    "resolved": "https://purecloud.jfrog.io/purecloud/api/npm/inin-internal-npm/tslib/-/tslib-1.14.1.tgz",
                    "integrity": "sha1-zy04vcNKE0vK8QkcQfZhni9nLQA="
                }
            }
        },
        "@aws-sdk/middleware-host-header": {
            "version": "3.3.0",
            "resolved": "https://purecloud.jfrog.io/purecloud/api/npm/inin-internal-npm/@aws-sdk/middleware-host-header/-/middleware-host-header-3.3.0.tgz",
            "integrity": "sha1-HzekNHlR3suIJH0fLirxyboHQ4M=",
            "requires": {
                "@aws-sdk/protocol-http": "3.3.0",
                "@aws-sdk/types": "3.1.0",
                "tslib": "^1.8.0"
            },
            "dependencies": {
                "tslib": {
                    "version": "1.14.1",
                    "resolved": "https://purecloud.jfrog.io/purecloud/api/npm/inin-internal-npm/tslib/-/tslib-1.14.1.tgz",
                    "integrity": "sha1-zy04vcNKE0vK8QkcQfZhni9nLQA="
                }
            }
        },
        "@aws-sdk/middleware-logger": {
            "version": "3.3.0",
            "resolved": "https://purecloud.jfrog.io/purecloud/api/npm/inin-internal-npm/@aws-sdk/middleware-logger/-/middleware-logger-3.3.0.tgz",
            "integrity": "sha1-Ts2VOuBFP8WOST8CyUevEEBBYUc=",
            "requires": {
                "@aws-sdk/types": "3.1.0",
                "tslib": "^1.8.0"
            },
            "dependencies": {
                "tslib": {
                    "version": "1.14.1",
                    "resolved": "https://purecloud.jfrog.io/purecloud/api/npm/inin-internal-npm/tslib/-/tslib-1.14.1.tgz",
                    "integrity": "sha1-zy04vcNKE0vK8QkcQfZhni9nLQA="
                }
            }
        },
        "@aws-sdk/middleware-retry": {
            "version": "3.3.0",
            "resolved": "https://purecloud.jfrog.io/purecloud/api/npm/inin-internal-npm/@aws-sdk/middleware-retry/-/middleware-retry-3.3.0.tgz",
            "integrity": "sha1-qBwTiD1niy6u3ZWMMFGLy4yHEbU=",
            "requires": {
                "@aws-sdk/protocol-http": "3.3.0",
                "@aws-sdk/service-error-classification": "3.3.0",
                "@aws-sdk/types": "3.1.0",
                "react-native-get-random-values": "^1.4.0",
                "tslib": "^1.8.0",
                "uuid": "^3.0.0"
            },
            "dependencies": {
                "tslib": {
                    "version": "1.14.1",
                    "resolved": "https://purecloud.jfrog.io/purecloud/api/npm/inin-internal-npm/tslib/-/tslib-1.14.1.tgz",
                    "integrity": "sha1-zy04vcNKE0vK8QkcQfZhni9nLQA="
                }
            }
        },
        "@aws-sdk/middleware-serde": {
            "version": "3.3.0",
            "resolved": "https://purecloud.jfrog.io/purecloud/api/npm/inin-internal-npm/@aws-sdk/middleware-serde/-/middleware-serde-3.3.0.tgz",
            "integrity": "sha1-G5PIU66wma55A69NKhFRpfuiteo=",
            "requires": {
                "@aws-sdk/types": "3.1.0",
                "tslib": "^1.8.0"
            },
            "dependencies": {
                "tslib": {
                    "version": "1.14.1",
                    "resolved": "https://purecloud.jfrog.io/purecloud/api/npm/inin-internal-npm/tslib/-/tslib-1.14.1.tgz",
                    "integrity": "sha1-zy04vcNKE0vK8QkcQfZhni9nLQA="
                }
            }
        },
        "@aws-sdk/middleware-signing": {
            "version": "3.3.0",
            "resolved": "https://purecloud.jfrog.io/purecloud/api/npm/inin-internal-npm/@aws-sdk/middleware-signing/-/middleware-signing-3.3.0.tgz",
            "integrity": "sha1-o2gduCxkxEZumliDJLJT9k+n2oM=",
            "requires": {
                "@aws-sdk/protocol-http": "3.3.0",
                "@aws-sdk/signature-v4": "3.3.0",
                "@aws-sdk/types": "3.1.0",
                "tslib": "^1.8.0"
            },
            "dependencies": {
                "tslib": {
                    "version": "1.14.1",
                    "resolved": "https://purecloud.jfrog.io/purecloud/api/npm/inin-internal-npm/tslib/-/tslib-1.14.1.tgz",
                    "integrity": "sha1-zy04vcNKE0vK8QkcQfZhni9nLQA="
                }
            }
        },
        "@aws-sdk/middleware-stack": {
            "version": "3.1.0",
            "resolved": "https://purecloud.jfrog.io/purecloud/api/npm/inin-internal-npm/@aws-sdk/middleware-stack/-/middleware-stack-3.1.0.tgz",
            "integrity": "sha1-MaaXhP8x1w4RdtlI+UKUVjsjs24=",
            "requires": {
                "tslib": "^1.8.0"
            },
            "dependencies": {
                "tslib": {
                    "version": "1.14.1",
                    "resolved": "https://purecloud.jfrog.io/purecloud/api/npm/inin-internal-npm/tslib/-/tslib-1.14.1.tgz",
                    "integrity": "sha1-zy04vcNKE0vK8QkcQfZhni9nLQA="
                }
            }
        },
        "@aws-sdk/middleware-user-agent": {
            "version": "3.3.0",
            "resolved": "https://purecloud.jfrog.io/purecloud/api/npm/inin-internal-npm/@aws-sdk/middleware-user-agent/-/middleware-user-agent-3.3.0.tgz",
            "integrity": "sha1-20FO+qQlH/0r5y8GLSqWoUbt0o8=",
            "requires": {
                "@aws-sdk/protocol-http": "3.3.0",
                "@aws-sdk/types": "3.1.0",
                "tslib": "^1.8.0"
            },
            "dependencies": {
                "tslib": {
                    "version": "1.14.1",
                    "resolved": "https://purecloud.jfrog.io/purecloud/api/npm/inin-internal-npm/tslib/-/tslib-1.14.1.tgz",
                    "integrity": "sha1-zy04vcNKE0vK8QkcQfZhni9nLQA="
                }
            }
        },
        "@aws-sdk/node-config-provider": {
            "version": "3.3.0",
            "resolved": "https://purecloud.jfrog.io/purecloud/api/npm/inin-internal-npm/@aws-sdk/node-config-provider/-/node-config-provider-3.3.0.tgz",
            "integrity": "sha1-jRrViTuATeIWy4ERk66RMys+jjM=",
            "requires": {
                "@aws-sdk/property-provider": "3.3.0",
                "@aws-sdk/shared-ini-file-loader": "3.1.0",
                "@aws-sdk/types": "3.1.0",
                "tslib": "^1.8.0"
            },
            "dependencies": {
                "tslib": {
                    "version": "1.14.1",
                    "resolved": "https://purecloud.jfrog.io/purecloud/api/npm/inin-internal-npm/tslib/-/tslib-1.14.1.tgz",
                    "integrity": "sha1-zy04vcNKE0vK8QkcQfZhni9nLQA="
                }
            }
        },
        "@aws-sdk/node-http-handler": {
            "version": "3.3.0",
            "resolved": "https://purecloud.jfrog.io/purecloud/api/npm/inin-internal-npm/@aws-sdk/node-http-handler/-/node-http-handler-3.3.0.tgz",
            "integrity": "sha1-5l8tEt4iikbj4pFizbbEXwJGig0=",
            "requires": {
                "@aws-sdk/abort-controller": "3.3.0",
                "@aws-sdk/protocol-http": "3.3.0",
                "@aws-sdk/querystring-builder": "3.3.0",
                "@aws-sdk/types": "3.1.0",
                "tslib": "^1.8.0"
            },
            "dependencies": {
                "tslib": {
                    "version": "1.14.1",
                    "resolved": "https://purecloud.jfrog.io/purecloud/api/npm/inin-internal-npm/tslib/-/tslib-1.14.1.tgz",
                    "integrity": "sha1-zy04vcNKE0vK8QkcQfZhni9nLQA="
                }
            }
        },
        "@aws-sdk/property-provider": {
            "version": "3.3.0",
            "resolved": "https://purecloud.jfrog.io/purecloud/api/npm/inin-internal-npm/@aws-sdk/property-provider/-/property-provider-3.3.0.tgz",
            "integrity": "sha1-SZecsaPlVi1RgHx0A8X9SMufLNw=",
            "requires": {
                "@aws-sdk/types": "3.1.0",
                "tslib": "^1.8.0"
            },
            "dependencies": {
                "tslib": {
                    "version": "1.14.1",
                    "resolved": "https://purecloud.jfrog.io/purecloud/api/npm/inin-internal-npm/tslib/-/tslib-1.14.1.tgz",
                    "integrity": "sha1-zy04vcNKE0vK8QkcQfZhni9nLQA="
                }
            }
        },
        "@aws-sdk/protocol-http": {
            "version": "3.3.0",
            "resolved": "https://purecloud.jfrog.io/purecloud/api/npm/inin-internal-npm/@aws-sdk/protocol-http/-/protocol-http-3.3.0.tgz",
            "integrity": "sha1-wbbH9cRvdfT1SqqzGuaWhCf/Ul4=",
            "requires": {
                "@aws-sdk/types": "3.1.0",
                "tslib": "^1.8.0"
            },
            "dependencies": {
                "tslib": {
                    "version": "1.14.1",
                    "resolved": "https://purecloud.jfrog.io/purecloud/api/npm/inin-internal-npm/tslib/-/tslib-1.14.1.tgz",
                    "integrity": "sha1-zy04vcNKE0vK8QkcQfZhni9nLQA="
                }
            }
        },
        "@aws-sdk/querystring-builder": {
            "version": "3.3.0",
            "resolved": "https://purecloud.jfrog.io/purecloud/api/npm/inin-internal-npm/@aws-sdk/querystring-builder/-/querystring-builder-3.3.0.tgz",
            "integrity": "sha1-pc0kukC+lZoKdohD8C7IfRKv8nA=",
            "requires": {
                "@aws-sdk/types": "3.1.0",
                "@aws-sdk/util-uri-escape": "3.1.0",
                "tslib": "^1.8.0"
            },
            "dependencies": {
                "tslib": {
                    "version": "1.14.1",
                    "resolved": "https://purecloud.jfrog.io/purecloud/api/npm/inin-internal-npm/tslib/-/tslib-1.14.1.tgz",
                    "integrity": "sha1-zy04vcNKE0vK8QkcQfZhni9nLQA="
                }
            }
        },
        "@aws-sdk/querystring-parser": {
            "version": "3.3.0",
            "resolved": "https://purecloud.jfrog.io/purecloud/api/npm/inin-internal-npm/@aws-sdk/querystring-parser/-/querystring-parser-3.3.0.tgz",
            "integrity": "sha1-+fzV1mklN7Ggp/MZswyqO5cg1g0=",
            "requires": {
                "@aws-sdk/types": "3.1.0",
                "tslib": "^1.8.0"
            },
            "dependencies": {
                "tslib": {
                    "version": "1.14.1",
                    "resolved": "https://purecloud.jfrog.io/purecloud/api/npm/inin-internal-npm/tslib/-/tslib-1.14.1.tgz",
                    "integrity": "sha1-zy04vcNKE0vK8QkcQfZhni9nLQA="
                }
            }
        },
        "@aws-sdk/service-error-classification": {
            "version": "3.3.0",
            "resolved": "https://purecloud.jfrog.io/purecloud/api/npm/inin-internal-npm/@aws-sdk/service-error-classification/-/service-error-classification-3.3.0.tgz",
            "integrity": "sha1-nq3Ve6yu28aHH2DPIiKWnFftifc="
        },
        "@aws-sdk/shared-ini-file-loader": {
            "version": "3.1.0",
            "resolved": "https://purecloud.jfrog.io/purecloud/api/npm/inin-internal-npm/@aws-sdk/shared-ini-file-loader/-/shared-ini-file-loader-3.1.0.tgz",
            "integrity": "sha1-sbx+1OFlNfIMeIkVBgoSHkV+/fs=",
            "requires": {
                "tslib": "^1.8.0"
            },
            "dependencies": {
                "tslib": {
                    "version": "1.14.1",
                    "resolved": "https://purecloud.jfrog.io/purecloud/api/npm/inin-internal-npm/tslib/-/tslib-1.14.1.tgz",
                    "integrity": "sha1-zy04vcNKE0vK8QkcQfZhni9nLQA="
                }
            }
        },
        "@aws-sdk/signature-v4": {
            "version": "3.3.0",
            "resolved": "https://purecloud.jfrog.io/purecloud/api/npm/inin-internal-npm/@aws-sdk/signature-v4/-/signature-v4-3.3.0.tgz",
            "integrity": "sha1-0RefHnniNWieZzd6y6p33Ay6yKs=",
            "requires": {
                "@aws-sdk/is-array-buffer": "3.1.0",
                "@aws-sdk/types": "3.1.0",
                "@aws-sdk/util-hex-encoding": "3.1.0",
                "@aws-sdk/util-uri-escape": "3.1.0",
                "tslib": "^1.8.0"
            },
            "dependencies": {
                "tslib": {
                    "version": "1.14.1",
                    "resolved": "https://purecloud.jfrog.io/purecloud/api/npm/inin-internal-npm/tslib/-/tslib-1.14.1.tgz",
                    "integrity": "sha1-zy04vcNKE0vK8QkcQfZhni9nLQA="
                }
            }
        },
        "@aws-sdk/smithy-client": {
            "version": "3.3.0",
            "resolved": "https://purecloud.jfrog.io/purecloud/api/npm/inin-internal-npm/@aws-sdk/smithy-client/-/smithy-client-3.3.0.tgz",
            "integrity": "sha1-nicGJakv5UH8dHj+6Ml2gBq5qZE=",
            "requires": {
                "@aws-sdk/middleware-stack": "3.1.0",
                "@aws-sdk/types": "3.1.0",
                "tslib": "^1.8.0"
            },
            "dependencies": {
                "tslib": {
                    "version": "1.14.1",
                    "resolved": "https://purecloud.jfrog.io/purecloud/api/npm/inin-internal-npm/tslib/-/tslib-1.14.1.tgz",
                    "integrity": "sha1-zy04vcNKE0vK8QkcQfZhni9nLQA="
                }
            }
        },
        "@aws-sdk/types": {
            "version": "3.1.0",
            "resolved": "https://purecloud.jfrog.io/purecloud/api/npm/inin-internal-npm/@aws-sdk/types/-/types-3.1.0.tgz",
            "integrity": "sha1-BNd8N6gLQi6BI/KWM40SnlHz4fw="
        },
        "@aws-sdk/url-parser": {
            "version": "3.3.0",
            "resolved": "https://purecloud.jfrog.io/purecloud/api/npm/inin-internal-npm/@aws-sdk/url-parser/-/url-parser-3.3.0.tgz",
            "integrity": "sha1-uOx7TZcW41/RnuYQ2Y1TtAgVhSw=",
            "requires": {
                "@aws-sdk/querystring-parser": "3.3.0",
                "@aws-sdk/types": "3.1.0",
                "tslib": "^1.8.0"
            },
            "dependencies": {
                "tslib": {
                    "version": "1.14.1",
                    "resolved": "https://purecloud.jfrog.io/purecloud/api/npm/inin-internal-npm/tslib/-/tslib-1.14.1.tgz",
                    "integrity": "sha1-zy04vcNKE0vK8QkcQfZhni9nLQA="
                }
            }
        },
        "@aws-sdk/url-parser-native": {
            "version": "3.3.0",
            "resolved": "https://purecloud.jfrog.io/purecloud/api/npm/inin-internal-npm/@aws-sdk/url-parser-native/-/url-parser-native-3.3.0.tgz",
            "integrity": "sha1-8iXtidmzIj7qxxunJoSfqmHwC8g=",
            "requires": {
                "@aws-sdk/querystring-parser": "3.3.0",
                "@aws-sdk/types": "3.1.0",
                "tslib": "^1.8.0",
                "url": "^0.11.0"
            },
            "dependencies": {
                "tslib": {
                    "version": "1.14.1",
                    "resolved": "https://purecloud.jfrog.io/purecloud/api/npm/inin-internal-npm/tslib/-/tslib-1.14.1.tgz",
                    "integrity": "sha1-zy04vcNKE0vK8QkcQfZhni9nLQA="
                },
                "url": {
                    "version": "0.11.0",
                    "resolved": "https://purecloud.jfrog.io/purecloud/api/npm/inin-internal-npm/url/-/url-0.11.0.tgz",
                    "integrity": "sha1-ODjpfPxgUh63PFJajlW/3Z4uKPE=",
                    "requires": {
                        "punycode": "1.3.2",
                        "querystring": "0.2.0"
                    }
                }
            }
        },
        "@aws-sdk/util-base64-browser": {
            "version": "3.1.0",
            "resolved": "https://purecloud.jfrog.io/purecloud/api/npm/inin-internal-npm/@aws-sdk/util-base64-browser/-/util-base64-browser-3.1.0.tgz",
            "integrity": "sha1-dWJTo/wa1Yw4rSjtZktwHYUNOqk=",
            "requires": {
                "tslib": "^1.8.0"
            },
            "dependencies": {
                "tslib": {
                    "version": "1.14.1",
                    "resolved": "https://purecloud.jfrog.io/purecloud/api/npm/inin-internal-npm/tslib/-/tslib-1.14.1.tgz",
                    "integrity": "sha1-zy04vcNKE0vK8QkcQfZhni9nLQA="
                }
            }
        },
        "@aws-sdk/util-base64-node": {
            "version": "3.1.0",
            "resolved": "https://purecloud.jfrog.io/purecloud/api/npm/inin-internal-npm/@aws-sdk/util-base64-node/-/util-base64-node-3.1.0.tgz",
            "integrity": "sha1-AnqehU0gSt2lbV9D+O9KIFMresk=",
            "requires": {
                "@aws-sdk/util-buffer-from": "3.1.0",
                "tslib": "^1.8.0"
            },
            "dependencies": {
                "tslib": {
                    "version": "1.14.1",
                    "resolved": "https://purecloud.jfrog.io/purecloud/api/npm/inin-internal-npm/tslib/-/tslib-1.14.1.tgz",
                    "integrity": "sha1-zy04vcNKE0vK8QkcQfZhni9nLQA="
                }
            }
        },
        "@aws-sdk/util-body-length-browser": {
            "version": "3.1.0",
            "resolved": "https://purecloud.jfrog.io/purecloud/api/npm/inin-internal-npm/@aws-sdk/util-body-length-browser/-/util-body-length-browser-3.1.0.tgz",
            "integrity": "sha1-toAYhgzV1jyTJ8ekIyPFx1z1FL8=",
            "requires": {
                "tslib": "^1.8.0"
            },
            "dependencies": {
                "tslib": {
                    "version": "1.14.1",
                    "resolved": "https://purecloud.jfrog.io/purecloud/api/npm/inin-internal-npm/tslib/-/tslib-1.14.1.tgz",
                    "integrity": "sha1-zy04vcNKE0vK8QkcQfZhni9nLQA="
                }
            }
        },
        "@aws-sdk/util-body-length-node": {
            "version": "3.1.0",
            "resolved": "https://purecloud.jfrog.io/purecloud/api/npm/inin-internal-npm/@aws-sdk/util-body-length-node/-/util-body-length-node-3.1.0.tgz",
            "integrity": "sha1-woAiMGbwzo+tsAKmaKX15u5N4Ss=",
            "requires": {
                "tslib": "^1.8.0"
            },
            "dependencies": {
                "tslib": {
                    "version": "1.14.1",
                    "resolved": "https://purecloud.jfrog.io/purecloud/api/npm/inin-internal-npm/tslib/-/tslib-1.14.1.tgz",
                    "integrity": "sha1-zy04vcNKE0vK8QkcQfZhni9nLQA="
                }
            }
        },
        "@aws-sdk/util-buffer-from": {
            "version": "3.1.0",
            "resolved": "https://purecloud.jfrog.io/purecloud/api/npm/inin-internal-npm/@aws-sdk/util-buffer-from/-/util-buffer-from-3.1.0.tgz",
            "integrity": "sha1-posuGR83N7zYXDOvWmsOPp+XTw4=",
            "requires": {
                "@aws-sdk/is-array-buffer": "3.1.0",
                "tslib": "^1.8.0"
            },
            "dependencies": {
                "tslib": {
                    "version": "1.14.1",
                    "resolved": "https://purecloud.jfrog.io/purecloud/api/npm/inin-internal-npm/tslib/-/tslib-1.14.1.tgz",
                    "integrity": "sha1-zy04vcNKE0vK8QkcQfZhni9nLQA="
                }
            }
        },
        "@aws-sdk/util-hex-encoding": {
            "version": "3.1.0",
            "resolved": "https://purecloud.jfrog.io/purecloud/api/npm/inin-internal-npm/@aws-sdk/util-hex-encoding/-/util-hex-encoding-3.1.0.tgz",
            "integrity": "sha1-k3RA1gMzwbPk++BgEt/cZcnil7w=",
            "requires": {
                "tslib": "^1.8.0"
            },
            "dependencies": {
                "tslib": {
                    "version": "1.14.1",
                    "resolved": "https://purecloud.jfrog.io/purecloud/api/npm/inin-internal-npm/tslib/-/tslib-1.14.1.tgz",
                    "integrity": "sha1-zy04vcNKE0vK8QkcQfZhni9nLQA="
                }
            }
        },
        "@aws-sdk/util-locate-window": {
            "version": "3.1.0",
            "resolved": "https://purecloud.jfrog.io/purecloud/api/npm/inin-internal-npm/@aws-sdk/util-locate-window/-/util-locate-window-3.1.0.tgz",
            "integrity": "sha1-oEBYuNEERSHdqcp3uBvg/8Jr8Nc=",
            "requires": {
                "tslib": "^1.8.0"
            },
            "dependencies": {
                "tslib": {
                    "version": "1.14.1",
                    "resolved": "https://purecloud.jfrog.io/purecloud/api/npm/inin-internal-npm/tslib/-/tslib-1.14.1.tgz",
                    "integrity": "sha1-zy04vcNKE0vK8QkcQfZhni9nLQA="
                }
            }
        },
        "@aws-sdk/util-uri-escape": {
            "version": "3.1.0",
            "resolved": "https://purecloud.jfrog.io/purecloud/api/npm/inin-internal-npm/@aws-sdk/util-uri-escape/-/util-uri-escape-3.1.0.tgz",
            "integrity": "sha1-HkRQyOBHtUL4cXJAfi/grefFUic=",
            "requires": {
                "tslib": "^1.8.0"
            },
            "dependencies": {
                "tslib": {
                    "version": "1.14.1",
                    "resolved": "https://purecloud.jfrog.io/purecloud/api/npm/inin-internal-npm/tslib/-/tslib-1.14.1.tgz",
                    "integrity": "sha1-zy04vcNKE0vK8QkcQfZhni9nLQA="
                }
            }
        },
        "@aws-sdk/util-user-agent-browser": {
            "version": "3.3.0",
            "resolved": "https://purecloud.jfrog.io/purecloud/api/npm/inin-internal-npm/@aws-sdk/util-user-agent-browser/-/util-user-agent-browser-3.3.0.tgz",
            "integrity": "sha1-u2TiYMDJqJ2PAVQeFR21pE/d7a4=",
            "requires": {
                "@aws-sdk/types": "3.1.0",
                "bowser": "^2.11.0",
                "tslib": "^1.8.0"
            },
            "dependencies": {
                "tslib": {
                    "version": "1.14.1",
                    "resolved": "https://purecloud.jfrog.io/purecloud/api/npm/inin-internal-npm/tslib/-/tslib-1.14.1.tgz",
                    "integrity": "sha1-zy04vcNKE0vK8QkcQfZhni9nLQA="
                }
            }
        },
        "@aws-sdk/util-user-agent-node": {
            "version": "3.3.0",
            "resolved": "https://purecloud.jfrog.io/purecloud/api/npm/inin-internal-npm/@aws-sdk/util-user-agent-node/-/util-user-agent-node-3.3.0.tgz",
            "integrity": "sha1-L41/lNcAS2edjS1mVf26uKnePz4=",
            "requires": {
                "@aws-sdk/node-config-provider": "3.3.0",
                "@aws-sdk/types": "3.1.0",
                "tslib": "^1.8.0"
            },
            "dependencies": {
                "tslib": {
                    "version": "1.14.1",
                    "resolved": "https://purecloud.jfrog.io/purecloud/api/npm/inin-internal-npm/tslib/-/tslib-1.14.1.tgz",
                    "integrity": "sha1-zy04vcNKE0vK8QkcQfZhni9nLQA="
                }
            }
        },
        "@aws-sdk/util-utf8-browser": {
            "version": "3.1.0",
            "resolved": "https://purecloud.jfrog.io/purecloud/api/npm/inin-internal-npm/@aws-sdk/util-utf8-browser/-/util-utf8-browser-3.1.0.tgz",
            "integrity": "sha1-e+F7VFrxAcMg00qs5HE5z5mH15Y=",
            "requires": {
                "tslib": "^1.8.0"
            },
            "dependencies": {
                "tslib": {
                    "version": "1.14.1",
                    "resolved": "https://purecloud.jfrog.io/purecloud/api/npm/inin-internal-npm/tslib/-/tslib-1.14.1.tgz",
                    "integrity": "sha1-zy04vcNKE0vK8QkcQfZhni9nLQA="
                }
            }
        },
        "@aws-sdk/util-utf8-node": {
            "version": "3.1.0",
            "resolved": "https://purecloud.jfrog.io/purecloud/api/npm/inin-internal-npm/@aws-sdk/util-utf8-node/-/util-utf8-node-3.1.0.tgz",
            "integrity": "sha1-/X5Qa1/fQE+73ZvEZCmv7qgRSyU=",
            "requires": {
                "@aws-sdk/util-buffer-from": "3.1.0",
                "tslib": "^1.8.0"
            },
            "dependencies": {
                "tslib": {
                    "version": "1.14.1",
                    "resolved": "https://purecloud.jfrog.io/purecloud/api/npm/inin-internal-npm/tslib/-/tslib-1.14.1.tgz",
                    "integrity": "sha1-zy04vcNKE0vK8QkcQfZhni9nLQA="
                }
            }
        },
        "@aws-sdk/util-waiter": {
            "version": "3.3.0",
            "resolved": "https://purecloud.jfrog.io/purecloud/api/npm/inin-internal-npm/@aws-sdk/util-waiter/-/util-waiter-3.3.0.tgz",
            "integrity": "sha1-DhZzchVehhise8oRTtW7QW8BH2M=",
            "requires": {
                "@aws-sdk/abort-controller": "3.3.0",
                "@aws-sdk/types": "3.1.0",
                "tslib": "^1.8.0"
            },
            "dependencies": {
                "tslib": {
                    "version": "1.14.1",
                    "resolved": "https://purecloud.jfrog.io/purecloud/api/npm/inin-internal-npm/tslib/-/tslib-1.14.1.tgz",
                    "integrity": "sha1-zy04vcNKE0vK8QkcQfZhni9nLQA="
                }
            }
        },
        "ansi-regex": {
            "version": "4.1.0",
            "resolved": "https://registry.npmjs.org/ansi-regex/-/ansi-regex-4.1.0.tgz",
            "integrity": "sha512-1apePfXM1UOSqw0o9IiFAovVz9M5S1Dg+4TrDwfMewQ6p/rmMueb7tWZjQ1rx4Loy1ArBggoqGpfqqdI4rondg=="
        },
        "aws-sdk": {
            "version": "2.828.0",
            "resolved": "https://purecloud.jfrog.io/purecloud/api/npm/inin-internal-npm/aws-sdk/-/aws-sdk-2.828.0.tgz",
            "integrity": "sha1-aqWZw1gvIZVo9B+yh+tldT5KkjQ=",
            "requires": {
                "buffer": "4.9.2",
                "events": "1.1.1",
                "ieee754": "1.1.13",
                "jmespath": "0.15.0",
                "querystring": "0.2.0",
                "sax": "1.2.1",
                "url": "0.10.3",
                "uuid": "3.3.2",
                "xml2js": "0.4.19"
            }
        },
        "base64-js": {
            "version": "1.5.1",
            "resolved": "https://purecloud.jfrog.io/purecloud/api/npm/inin-internal-npm/base64-js/-/base64-js-1.5.1.tgz",
            "integrity": "sha1-GxtEAWClv3rUC2UPCVljSBkDkwo="
        },
        "bowser": {
            "version": "2.11.0",
            "resolved": "https://purecloud.jfrog.io/purecloud/api/npm/inin-internal-npm/bowser/-/bowser-2.11.0.tgz",
            "integrity": "sha1-XKPDV1enqldxUAxwpzqfke9CCo8="
        },
        "buffer": {
            "version": "4.9.2",
            "resolved": "https://purecloud.jfrog.io/purecloud/api/npm/inin-internal-npm/buffer/-/buffer-4.9.2.tgz",
            "integrity": "sha1-Iw6tNEACmIZEhBqwJEr4xEu+Pvg=",
            "requires": {
                "base64-js": "^1.0.2",
                "ieee754": "^1.1.4",
                "isarray": "^1.0.0"
            }
        },
        "dotenv": {
            "version": "8.2.0",
            "resolved": "https://registry.npmjs.org/dotenv/-/dotenv-8.2.0.tgz",
            "integrity": "sha512-8sJ78ElpbDJBHNeBzUbUVLsqKdccaa/BXF1uPTw3GrvQTBgrQrtObr2mUrE38vzYd8cEv+m/JBfDLioYcfXoaw=="
        },
        "events": {
            "version": "1.1.1",
            "resolved": "https://registry.npmjs.org/events/-/events-1.1.1.tgz",
            "integrity": "sha1-nr23Y1rQmccNzEwqH1AEKI6L2SQ="
        },
        "faker": {
            "version": "5.1.0",
            "resolved": "https://registry.npmjs.org/faker/-/faker-5.1.0.tgz",
            "integrity": "sha512-RrWKFSSA/aNLP0g3o2WW1Zez7/MnMr7xkiZmoCfAGZmdkDQZ6l2KtuXHN5XjdvpRjDl8+3vf+Rrtl06Z352+Mw=="
        },
        "fast-base64-decode": {
            "version": "1.0.0",
            "resolved": "https://purecloud.jfrog.io/purecloud/api/npm/inin-internal-npm/fast-base64-decode/-/fast-base64-decode-1.0.0.tgz",
            "integrity": "sha1-tDSg3X2SsStD8mgZMA0tr7g+5Bg="
        },
        "ieee754": {
            "version": "1.1.13",
            "resolved": "https://purecloud.jfrog.io/purecloud/api/npm/inin-internal-npm/ieee754/-/ieee754-1.1.13.tgz",
            "integrity": "sha1-7BaFWOlaoYH9h9N/VcMrvLZwi4Q="
        },
        "isarray": {
            "version": "1.0.0",
            "resolved": "https://registry.npmjs.org/isarray/-/isarray-1.0.0.tgz",
            "integrity": "sha1-u5NdSFgsuhaMBoNJV6VKPgcSTxE="
        },
        "jmespath": {
            "version": "0.15.0",
            "resolved": "https://registry.npmjs.org/jmespath/-/jmespath-0.15.0.tgz",
            "integrity": "sha1-o/Iiqarp+Wb10nx5ZRDigJF2Qhc="
        },
        "langdetect": {
            "version": "0.2.1",
            "resolved": "https://purecloud.jfrog.io/purecloud/api/npm/inin-internal-npm/langdetect/-/langdetect-0.2.1.tgz",
            "integrity": "sha1-18qDOUl6TdZcTfk11G40S/6obQE=",
            "requires": {
                "unicode-9.0.0": "0.7.0"
            }
        },
        "language-identifier": {
            "version": "1.0.8",
            "resolved": "https://purecloud.jfrog.io/purecloud/api/npm/inin-internal-npm/language-identifier/-/language-identifier-1.0.8.tgz",
            "integrity": "sha1-oi5jLDYS/zgWiVCI5hLjIvo1uNA="
        },
        "lodash": {
            "version": "4.17.21",
            "resolved": "https://registry.npmjs.org/lodash/-/lodash-4.17.21.tgz",
            "integrity": "sha512-v2kDEe57lecTulaDIuNTPy3Ry4gLGJ6Z1O3vE1krgXZNrsQ+LFTGHVxVjcXPs17LhbZVGedAJv8XZ1tvj5FvSg=="
        },
        "prompt-sync": {
            "version": "4.2.0",
            "resolved": "https://registry.npmjs.org/prompt-sync/-/prompt-sync-4.2.0.tgz",
            "integrity": "sha512-BuEzzc5zptP5LsgV5MZETjDaKSWfchl5U9Luiu8SKp7iZWD5tZalOxvNcZRwv+d2phNFr8xlbxmFNcRKfJOzJw==",
            "requires": {
                "strip-ansi": "^5.0.0"
            }
        },
        "punycode": {
            "version": "1.3.2",
            "resolved": "https://registry.npmjs.org/punycode/-/punycode-1.3.2.tgz",
            "integrity": "sha1-llOgNvt8HuQjQvIyXM7v6jkmxI0="
        },
        "querystring": {
            "version": "0.2.0",
            "resolved": "https://registry.npmjs.org/querystring/-/querystring-0.2.0.tgz",
            "integrity": "sha1-sgmEkgO7Jd+CDadW50cAWHhSFiA="
        },
        "react-native-get-random-values": {
            "version": "1.5.1",
            "resolved": "https://purecloud.jfrog.io/purecloud/api/npm/inin-internal-npm/react-native-get-random-values/-/react-native-get-random-values-1.5.1.tgz",
            "integrity": "sha1-8zWjfAmkiS3q9AGH5zqIjhToLWA=",
            "requires": {
                "fast-base64-decode": "^1.0.0"
            }
        },
        "sax": {
            "version": "1.2.1",
            "resolved": "https://registry.npmjs.org/sax/-/sax-1.2.1.tgz",
            "integrity": "sha1-e45lYZCyKOgaZq6nSEgNgozS03o="
        },
        "stemmer_es": {
            "version": "1.0.2",
            "resolved": "https://purecloud.jfrog.io/purecloud/api/npm/inin-internal-npm/stemmer_es/-/stemmer_es-1.0.2.tgz",
            "integrity": "sha1-e5l5PtDzphkCfi5bTw5hPX1uHf0="
        },
        "strip-ansi": {
            "version": "5.2.0",
            "resolved": "https://registry.npmjs.org/strip-ansi/-/strip-ansi-5.2.0.tgz",
            "integrity": "sha512-DuRs1gKbBqsMKIZlrffwlug8MHkcnpjs5VPmL1PAh+mA30U0DTotfDZ0d2UUsXpPmPmMMJ6W773MaA3J+lbiWA==",
            "requires": {
                "ansi-regex": "^4.1.0"
            }
        },
        "tslib": {
            "version": "2.1.0",
            "resolved": "https://purecloud.jfrog.io/purecloud/api/npm/inin-internal-npm/tslib/-/tslib-2.1.0.tgz",
            "integrity": "sha1-2mCGDxwuyqVwOrfTm8Bba/mIuXo="
        },
        "unicode-9.0.0": {
            "version": "0.7.0",
            "resolved": "https://purecloud.jfrog.io/purecloud/api/npm/inin-internal-npm/unicode-9.0.0/-/unicode-9.0.0-0.7.0.tgz",
            "integrity": "sha1-TTA8r5xtvyuXmUPBijhOImZDuTc="
        },
        "url": {
            "version": "0.10.3",
            "resolved": "https://registry.npmjs.org/url/-/url-0.10.3.tgz",
            "integrity": "sha1-Ah5NnHcF8hu/N9A861h2dAJ3TGQ=",
            "requires": {
                "punycode": "1.3.2",
                "querystring": "0.2.0"
            }
        },
        "uuid": {
            "version": "3.3.2",
            "resolved": "https://purecloud.jfrog.io/purecloud/api/npm/inin-internal-npm/uuid/-/uuid-3.3.2.tgz",
            "integrity": "sha1-G0r0lV6zB3xQHCOHL8ZROBFYcTE="
        },
        "xml2js": {
            "version": "0.4.19",
            "resolved": "https://purecloud.jfrog.io/purecloud/api/npm/inin-internal-npm/xml2js/-/xml2js-0.4.19.tgz",
            "integrity": "sha1-aGwg8hMgnpSr8NG88e+qKRx4J6c=",
            "requires": {
                "sax": ">=0.6.0",
                "xmlbuilder": "~9.0.1"
            }
        },
        "xmlbuilder": {
            "version": "9.0.7",
            "resolved": "https://registry.npmjs.org/xmlbuilder/-/xmlbuilder-9.0.7.tgz",
            "integrity": "sha1-Ey7mPS7FVlxVfiD0wi35rKaGsQ0="
        }
    }
}
